// !$*UTF8*$!
{
	archiveVersion = 1;
	classes = {
	};
	objectVersion = 50;
	objects = {

/* Begin PBXBuildFile section */
		1A3666302578208700109D32 /* WeatherNetworkManagerTest.swift in Sources */ = {isa = PBXBuildFile; fileRef = 1A36662F2578208700109D32 /* WeatherNetworkManagerTest.swift */; };
		1A792E0B25760F9B003DE621 /* WeatherViewModelTests.swift in Sources */ = {isa = PBXBuildFile; fileRef = 1A792E0A25760F9B003DE621 /* WeatherViewModelTests.swift */; };
		1A792E1625761DFD003DE621 /* WeatherNetworkManagerProtocol.swift in Sources */ = {isa = PBXBuildFile; fileRef = 1A792E1525761DFD003DE621 /* WeatherNetworkManagerProtocol.swift */; };
		1A792E1C2576202C003DE621 /* MockWeatherNetworkManager.swift in Sources */ = {isa = PBXBuildFile; fileRef = 1A792E1B2576202C003DE621 /* MockWeatherNetworkManager.swift */; };
		1A792E2525762116003DE621 /* get-success-response.json in Resources */ = {isa = PBXBuildFile; fileRef = 1A792E2425762116003DE621 /* get-success-response.json */; };
		1A792E2E2576292A003DE621 /* WeatherNetworkManagerFactory.swift in Sources */ = {isa = PBXBuildFile; fileRef = 1A792E2D2576292A003DE621 /* WeatherNetworkManagerFactory.swift */; };
		1A792E3225762B7F003DE621 /* MockWeatherNetworkManager.swift in Sources */ = {isa = PBXBuildFile; fileRef = 1A792E1B2576202C003DE621 /* MockWeatherNetworkManager.swift */; };
		1A7EF034255B487C002DFAF2 /* AppDelegate.swift in Sources */ = {isa = PBXBuildFile; fileRef = 1A7EF033255B487C002DFAF2 /* AppDelegate.swift */; };
		1A7EF036255B487C002DFAF2 /* SceneDelegate.swift in Sources */ = {isa = PBXBuildFile; fileRef = 1A7EF035255B487C002DFAF2 /* SceneDelegate.swift */; };
		1A7EF038255B487C002DFAF2 /* CitySearchController.swift in Sources */ = {isa = PBXBuildFile; fileRef = 1A7EF037255B487C002DFAF2 /* CitySearchController.swift */; };
		1A7EF03D255B487F002DFAF2 /* Assets.xcassets in Resources */ = {isa = PBXBuildFile; fileRef = 1A7EF03C255B487F002DFAF2 /* Assets.xcassets */; };
		1A7EF040255B487F002DFAF2 /* LaunchScreen.storyboard in Resources */ = {isa = PBXBuildFile; fileRef = 1A7EF03E255B487F002DFAF2 /* LaunchScreen.storyboard */; };
		1A7EF056255B487F002DFAF2 /* JSON_MVVM_IOSUITests.swift in Sources */ = {isa = PBXBuildFile; fileRef = 1A7EF055255B487F002DFAF2 /* JSON_MVVM_IOSUITests.swift */; };
		1A818DEA255CB23F007DF5A4 /* DescriptionCollectionViewCell.swift in Sources */ = {isa = PBXBuildFile; fileRef = 1A818DE9255CB23F007DF5A4 /* DescriptionCollectionViewCell.swift */; };
		1A818DF2255CB360007DF5A4 /* TemperatureCollectionViewCell.swift in Sources */ = {isa = PBXBuildFile; fileRef = 1A818DF1255CB360007DF5A4 /* TemperatureCollectionViewCell.swift */; };
		1A818DF7255CB3E7007DF5A4 /* HeaderValueCollectionViewCell.swift in Sources */ = {isa = PBXBuildFile; fileRef = 1A818DF6255CB3E7007DF5A4 /* HeaderValueCollectionViewCell.swift */; };
		1A818E01255CB439007DF5A4 /* HeaderLabel.swift in Sources */ = {isa = PBXBuildFile; fileRef = 1A818E00255CB439007DF5A4 /* HeaderLabel.swift */; };
		1A818E09255CB833007DF5A4 /* WeatherViewModel.swift in Sources */ = {isa = PBXBuildFile; fileRef = 1A818E08255CB833007DF5A4 /* WeatherViewModel.swift */; };
		1A8ADCE4255B776F0058BA17 /* NetworkError.swift in Sources */ = {isa = PBXBuildFile; fileRef = 1A8ADCE3255B776F0058BA17 /* NetworkError.swift */; };
		1A8ADD15255B9A440058BA17 /* WeatherCollectionViewCell.swift in Sources */ = {isa = PBXBuildFile; fileRef = 1A8ADD14255B9A440058BA17 /* WeatherCollectionViewCell.swift */; };
		1A8B1FDC255B4E9D0063895B /* CitySearchView.swift in Sources */ = {isa = PBXBuildFile; fileRef = 1A8B1FDB255B4E9D0063895B /* CitySearchView.swift */; };
		1A8B1FE4255B534B0063895B /* UIView+Ext.swift in Sources */ = {isa = PBXBuildFile; fileRef = 1A8B1FE3255B534B0063895B /* UIView+Ext.swift */; };
		1A93F618255B4BA20062A56D /* WeatherNetworkManager.swift in Sources */ = {isa = PBXBuildFile; fileRef = 1A93F617255B4BA20062A56D /* WeatherNetworkManager.swift */; };
		1A93F625255B4C370062A56D /* K.swift in Sources */ = {isa = PBXBuildFile; fileRef = 1A93F624255B4C370062A56D /* K.swift */; };
		1A93F62B255B4D4C0062A56D /* WeatherModel.swift in Sources */ = {isa = PBXBuildFile; fileRef = 1A93F62A255B4D4C0062A56D /* WeatherModel.swift */; };
		1A9E50C5255BCE6D00B66F98 /* Coordinator.swift in Sources */ = {isa = PBXBuildFile; fileRef = 1A9E50C4255BCE6D00B66F98 /* Coordinator.swift */; };
		1A9E50CA255BCEBB00B66F98 /* MainCoordinator.swift in Sources */ = {isa = PBXBuildFile; fileRef = 1A9E50C9255BCEBB00B66F98 /* MainCoordinator.swift */; };
		1A9E50DC255BD29C00B66F98 /* WeatherViewController.swift in Sources */ = {isa = PBXBuildFile; fileRef = 1A9E50DB255BD29C00B66F98 /* WeatherViewController.swift */; };
		1A9E50E4255BD77300B66F98 /* WeatherView.swift in Sources */ = {isa = PBXBuildFile; fileRef = 1A9E50E3255BD77300B66F98 /* WeatherView.swift */; };
		1A9E50E9255BD9EF00B66F98 /* UIHelper.swift in Sources */ = {isa = PBXBuildFile; fileRef = 1A9E50E8255BD9EF00B66F98 /* UIHelper.swift */; };
		1A9E50F1255BDBA400B66F98 /* WeatherDataSource.swift in Sources */ = {isa = PBXBuildFile; fileRef = 1A9E50F0255BDBA400B66F98 /* WeatherDataSource.swift */; };
/* End PBXBuildFile section */

/* Begin PBXContainerItemProxy section */
		1A7EF047255B487F002DFAF2 /* PBXContainerItemProxy */ = {
			isa = PBXContainerItemProxy;
			containerPortal = 1A7EF028255B487C002DFAF2 /* Project object */;
			proxyType = 1;
			remoteGlobalIDString = 1A7EF02F255B487C002DFAF2;
			remoteInfo = "JSON-MVVM-IOS";
		};
		1A7EF052255B487F002DFAF2 /* PBXContainerItemProxy */ = {
			isa = PBXContainerItemProxy;
			containerPortal = 1A7EF028255B487C002DFAF2 /* Project object */;
			proxyType = 1;
			remoteGlobalIDString = 1A7EF02F255B487C002DFAF2;
			remoteInfo = "JSON-MVVM-IOS";
		};
/* End PBXContainerItemProxy section */

/* Begin PBXFileReference section */
		1A36662F2578208700109D32 /* WeatherNetworkManagerTest.swift */ = {isa = PBXFileReference; lastKnownFileType = sourcecode.swift; path = WeatherNetworkManagerTest.swift; sourceTree = "<group>"; };
		1A792E0A25760F9B003DE621 /* WeatherViewModelTests.swift */ = {isa = PBXFileReference; lastKnownFileType = sourcecode.swift; path = WeatherViewModelTests.swift; sourceTree = "<group>"; };
		1A792E1525761DFD003DE621 /* WeatherNetworkManagerProtocol.swift */ = {isa = PBXFileReference; lastKnownFileType = sourcecode.swift; path = WeatherNetworkManagerProtocol.swift; sourceTree = "<group>"; };
		1A792E1B2576202C003DE621 /* MockWeatherNetworkManager.swift */ = {isa = PBXFileReference; lastKnownFileType = sourcecode.swift; path = MockWeatherNetworkManager.swift; sourceTree = "<group>"; };
		1A792E2425762116003DE621 /* get-success-response.json */ = {isa = PBXFileReference; lastKnownFileType = text.json; path = "get-success-response.json"; sourceTree = "<group>"; };
		1A792E2D2576292A003DE621 /* WeatherNetworkManagerFactory.swift */ = {isa = PBXFileReference; lastKnownFileType = sourcecode.swift; path = WeatherNetworkManagerFactory.swift; sourceTree = "<group>"; };
		1A7EF030255B487C002DFAF2 /* JSON-MVVM-IOS.app */ = {isa = PBXFileReference; explicitFileType = wrapper.application; includeInIndex = 0; path = "JSON-MVVM-IOS.app"; sourceTree = BUILT_PRODUCTS_DIR; };
		1A7EF033255B487C002DFAF2 /* AppDelegate.swift */ = {isa = PBXFileReference; lastKnownFileType = sourcecode.swift; path = AppDelegate.swift; sourceTree = "<group>"; };
		1A7EF035255B487C002DFAF2 /* SceneDelegate.swift */ = {isa = PBXFileReference; lastKnownFileType = sourcecode.swift; path = SceneDelegate.swift; sourceTree = "<group>"; };
		1A7EF037255B487C002DFAF2 /* CitySearchController.swift */ = {isa = PBXFileReference; lastKnownFileType = sourcecode.swift; path = CitySearchController.swift; sourceTree = "<group>"; };
		1A7EF03C255B487F002DFAF2 /* Assets.xcassets */ = {isa = PBXFileReference; lastKnownFileType = folder.assetcatalog; path = Assets.xcassets; sourceTree = "<group>"; };
		1A7EF03F255B487F002DFAF2 /* Base */ = {isa = PBXFileReference; lastKnownFileType = file.storyboard; name = Base; path = Base.lproj/LaunchScreen.storyboard; sourceTree = "<group>"; };
		1A7EF041255B487F002DFAF2 /* Info.plist */ = {isa = PBXFileReference; lastKnownFileType = text.plist.xml; path = Info.plist; sourceTree = "<group>"; };
		1A7EF046255B487F002DFAF2 /* JSON-MVVM-IOSTests.xctest */ = {isa = PBXFileReference; explicitFileType = wrapper.cfbundle; includeInIndex = 0; path = "JSON-MVVM-IOSTests.xctest"; sourceTree = BUILT_PRODUCTS_DIR; };
		1A7EF04C255B487F002DFAF2 /* Info.plist */ = {isa = PBXFileReference; lastKnownFileType = text.plist.xml; path = Info.plist; sourceTree = "<group>"; };
		1A7EF051255B487F002DFAF2 /* JSON-MVVM-IOSUITests.xctest */ = {isa = PBXFileReference; explicitFileType = wrapper.cfbundle; includeInIndex = 0; path = "JSON-MVVM-IOSUITests.xctest"; sourceTree = BUILT_PRODUCTS_DIR; };
		1A7EF055255B487F002DFAF2 /* JSON_MVVM_IOSUITests.swift */ = {isa = PBXFileReference; lastKnownFileType = sourcecode.swift; path = JSON_MVVM_IOSUITests.swift; sourceTree = "<group>"; };
		1A7EF057255B487F002DFAF2 /* Info.plist */ = {isa = PBXFileReference; lastKnownFileType = text.plist.xml; path = Info.plist; sourceTree = "<group>"; };
		1A818DE9255CB23F007DF5A4 /* DescriptionCollectionViewCell.swift */ = {isa = PBXFileReference; lastKnownFileType = sourcecode.swift; path = DescriptionCollectionViewCell.swift; sourceTree = "<group>"; };
		1A818DF1255CB360007DF5A4 /* TemperatureCollectionViewCell.swift */ = {isa = PBXFileReference; lastKnownFileType = sourcecode.swift; path = TemperatureCollectionViewCell.swift; sourceTree = "<group>"; };
		1A818DF6255CB3E7007DF5A4 /* HeaderValueCollectionViewCell.swift */ = {isa = PBXFileReference; lastKnownFileType = sourcecode.swift; path = HeaderValueCollectionViewCell.swift; sourceTree = "<group>"; };
		1A818E00255CB439007DF5A4 /* HeaderLabel.swift */ = {isa = PBXFileReference; lastKnownFileType = sourcecode.swift; path = HeaderLabel.swift; sourceTree = "<group>"; };
		1A818E08255CB833007DF5A4 /* WeatherViewModel.swift */ = {isa = PBXFileReference; lastKnownFileType = sourcecode.swift; path = WeatherViewModel.swift; sourceTree = "<group>"; };
		1A8ADCE3255B776F0058BA17 /* NetworkError.swift */ = {isa = PBXFileReference; lastKnownFileType = sourcecode.swift; path = NetworkError.swift; sourceTree = "<group>"; };
		1A8ADD14255B9A440058BA17 /* WeatherCollectionViewCell.swift */ = {isa = PBXFileReference; lastKnownFileType = sourcecode.swift; path = WeatherCollectionViewCell.swift; sourceTree = "<group>"; };
		1A8B1FDB255B4E9D0063895B /* CitySearchView.swift */ = {isa = PBXFileReference; lastKnownFileType = sourcecode.swift; path = CitySearchView.swift; sourceTree = "<group>"; };
		1A8B1FE3255B534B0063895B /* UIView+Ext.swift */ = {isa = PBXFileReference; lastKnownFileType = sourcecode.swift; path = "UIView+Ext.swift"; sourceTree = "<group>"; };
		1A93F617255B4BA20062A56D /* WeatherNetworkManager.swift */ = {isa = PBXFileReference; lastKnownFileType = sourcecode.swift; path = WeatherNetworkManager.swift; sourceTree = "<group>"; };
		1A93F624255B4C370062A56D /* K.swift */ = {isa = PBXFileReference; lastKnownFileType = sourcecode.swift; path = K.swift; sourceTree = "<group>"; };
		1A93F62A255B4D4C0062A56D /* WeatherModel.swift */ = {isa = PBXFileReference; lastKnownFileType = sourcecode.swift; path = WeatherModel.swift; sourceTree = "<group>"; };
		1A9E50C4255BCE6D00B66F98 /* Coordinator.swift */ = {isa = PBXFileReference; lastKnownFileType = sourcecode.swift; path = Coordinator.swift; sourceTree = "<group>"; };
		1A9E50C9255BCEBB00B66F98 /* MainCoordinator.swift */ = {isa = PBXFileReference; lastKnownFileType = sourcecode.swift; path = MainCoordinator.swift; sourceTree = "<group>"; };
		1A9E50DB255BD29C00B66F98 /* WeatherViewController.swift */ = {isa = PBXFileReference; lastKnownFileType = sourcecode.swift; path = WeatherViewController.swift; sourceTree = "<group>"; };
		1A9E50E3255BD77300B66F98 /* WeatherView.swift */ = {isa = PBXFileReference; lastKnownFileType = sourcecode.swift; path = WeatherView.swift; sourceTree = "<group>"; };
		1A9E50E8255BD9EF00B66F98 /* UIHelper.swift */ = {isa = PBXFileReference; lastKnownFileType = sourcecode.swift; path = UIHelper.swift; sourceTree = "<group>"; };
		1A9E50F0255BDBA400B66F98 /* WeatherDataSource.swift */ = {isa = PBXFileReference; lastKnownFileType = sourcecode.swift; path = WeatherDataSource.swift; sourceTree = "<group>"; };
/* End PBXFileReference section */

/* Begin PBXFrameworksBuildPhase section */
		1A7EF02D255B487C002DFAF2 /* Frameworks */ = {
			isa = PBXFrameworksBuildPhase;
			buildActionMask = 2147483647;
			files = (
			);
			runOnlyForDeploymentPostprocessing = 0;
		};
		1A7EF043255B487F002DFAF2 /* Frameworks */ = {
			isa = PBXFrameworksBuildPhase;
			buildActionMask = 2147483647;
			files = (
			);
			runOnlyForDeploymentPostprocessing = 0;
		};
		1A7EF04E255B487F002DFAF2 /* Frameworks */ = {
			isa = PBXFrameworksBuildPhase;
			buildActionMask = 2147483647;
			files = (
			);
			runOnlyForDeploymentPostprocessing = 0;
		};
/* End PBXFrameworksBuildPhase section */

/* Begin PBXGroup section */
		1A792E1A25762021003DE621 /* Mocks */ = {
			isa = PBXGroup;
			children = (
				1A792E1B2576202C003DE621 /* MockWeatherNetworkManager.swift */,
			);
			path = Mocks;
			sourceTree = "<group>";
		};
		1A792E23257620F2003DE621 /* Responses */ = {
			isa = PBXGroup;
			children = (
				1A792E2425762116003DE621 /* get-success-response.json */,
			);
			path = Responses;
			sourceTree = "<group>";
		};
		1A792E2C25762917003DE621 /* Factories */ = {
			isa = PBXGroup;
			children = (
				1A792E2D2576292A003DE621 /* WeatherNetworkManagerFactory.swift */,
			);
			path = Factories;
			sourceTree = "<group>";
		};
		1A7EF027255B487C002DFAF2 = {
			isa = PBXGroup;
			children = (
				1A7EF032255B487C002DFAF2 /* JSON-MVVM-IOS */,
				1A7EF049255B487F002DFAF2 /* JSON-MVVM-IOSTests */,
				1A7EF054255B487F002DFAF2 /* JSON-MVVM-IOSUITests */,
				1A7EF031255B487C002DFAF2 /* Products */,
			);
			sourceTree = "<group>";
		};
		1A7EF031255B487C002DFAF2 /* Products */ = {
			isa = PBXGroup;
			children = (
				1A7EF030255B487C002DFAF2 /* JSON-MVVM-IOS.app */,
				1A7EF046255B487F002DFAF2 /* JSON-MVVM-IOSTests.xctest */,
				1A7EF051255B487F002DFAF2 /* JSON-MVVM-IOSUITests.xctest */,
			);
			name = Products;
			sourceTree = "<group>";
		};
		1A7EF032255B487C002DFAF2 /* JSON-MVVM-IOS */ = {
			isa = PBXGroup;
			children = (
				1A792E2C25762917003DE621 /* Factories */,
				1A93F61C255B4BB00062A56D /* App Life Cycle */,
				1A8ADD13255B9A2E0058BA17 /* CustomViews */,
				1A8B1FE8255B534F0063895B /* Extensions */,
				1A93F61D255B4BCD0062A56D /* Managers */,
				1A93F629255B4C6F0062A56D /* Models */,
				1A93F61E255B4BDB0062A56D /* Screens */,
				1A93F620255B4BF10062A56D /* Resources */,
				1AD9B351255B5814002C6026 /* Utilities */,
				1A93F61F255B4BDF0062A56D /* ViewModels */,
				1A7EF041255B487F002DFAF2 /* Info.plist */,
			);
			path = "JSON-MVVM-IOS";
			sourceTree = "<group>";
		};
		1A7EF049255B487F002DFAF2 /* JSON-MVVM-IOSTests */ = {
			isa = PBXGroup;
			children = (
				1A792E23257620F2003DE621 /* Responses */,
				1A792E1A25762021003DE621 /* Mocks */,
				1A792E0A25760F9B003DE621 /* WeatherViewModelTests.swift */,
				1A36662F2578208700109D32 /* WeatherNetworkManagerTest.swift */,
				1A7EF04C255B487F002DFAF2 /* Info.plist */,
			);
			path = "JSON-MVVM-IOSTests";
			sourceTree = "<group>";
		};
		1A7EF054255B487F002DFAF2 /* JSON-MVVM-IOSUITests */ = {
			isa = PBXGroup;
			children = (
				1A7EF055255B487F002DFAF2 /* JSON_MVVM_IOSUITests.swift */,
				1A7EF057255B487F002DFAF2 /* Info.plist */,
			);
			path = "JSON-MVVM-IOSUITests";
			sourceTree = "<group>";
		};
		1A818DE8255CB20E007DF5A4 /* Cells */ = {
			isa = PBXGroup;
			children = (
				1A8ADD14255B9A440058BA17 /* WeatherCollectionViewCell.swift */,
				1A818DE9255CB23F007DF5A4 /* DescriptionCollectionViewCell.swift */,
				1A818DF1255CB360007DF5A4 /* TemperatureCollectionViewCell.swift */,
				1A818DF6255CB3E7007DF5A4 /* HeaderValueCollectionViewCell.swift */,
			);
			path = Cells;
			sourceTree = "<group>";
		};
		1A8ADD13255B9A2E0058BA17 /* CustomViews */ = {
			isa = PBXGroup;
			children = (
				1A818E00255CB439007DF5A4 /* HeaderLabel.swift */,
				1A818DE8255CB20E007DF5A4 /* Cells */,
			);
			path = CustomViews;
			sourceTree = "<group>";
		};
		1A8B1FE8255B534F0063895B /* Extensions */ = {
			isa = PBXGroup;
			children = (
				1A8B1FE3255B534B0063895B /* UIView+Ext.swift */,
			);
			path = Extensions;
			sourceTree = "<group>";
		};
		1A93F61C255B4BB00062A56D /* App Life Cycle */ = {
			isa = PBXGroup;
			children = (
				1A7EF033255B487C002DFAF2 /* AppDelegate.swift */,
				1A7EF035255B487C002DFAF2 /* SceneDelegate.swift */,
			);
			path = "App Life Cycle";
			sourceTree = "<group>";
		};
		1A93F61D255B4BCD0062A56D /* Managers */ = {
			isa = PBXGroup;
			children = (
				1A93F617255B4BA20062A56D /* WeatherNetworkManager.swift */,
				1A792E1525761DFD003DE621 /* WeatherNetworkManagerProtocol.swift */,
			);
			path = Managers;
			sourceTree = "<group>";
		};
		1A93F61E255B4BDB0062A56D /* Screens */ = {
			isa = PBXGroup;
			children = (
				1A9E50C9255BCEBB00B66F98 /* MainCoordinator.swift */,
				1A93F632255B4E4C0062A56D /* CitySearchScreen */,
				1A9E50D4255BD22900B66F98 /* WeatherScreen */,
			);
			path = Screens;
			sourceTree = "<group>";
		};
		1A93F61F255B4BDF0062A56D /* ViewModels */ = {
			isa = PBXGroup;
			children = (
				1A818E08255CB833007DF5A4 /* WeatherViewModel.swift */,
			);
			path = ViewModels;
			sourceTree = "<group>";
		};
		1A93F620255B4BF10062A56D /* Resources */ = {
			isa = PBXGroup;
			children = (
				1A7EF03E255B487F002DFAF2 /* LaunchScreen.storyboard */,
				1A7EF03C255B487F002DFAF2 /* Assets.xcassets */,
			);
			path = Resources;
			sourceTree = "<group>";
		};
		1A93F629255B4C6F0062A56D /* Models */ = {
			isa = PBXGroup;
			children = (
				1A93F62A255B4D4C0062A56D /* WeatherModel.swift */,
			);
			path = Models;
			sourceTree = "<group>";
		};
		1A93F632255B4E4C0062A56D /* CitySearchScreen */ = {
			isa = PBXGroup;
			children = (
				1A7EF037255B487C002DFAF2 /* CitySearchController.swift */,
				1A8B1FDB255B4E9D0063895B /* CitySearchView.swift */,
			);
			path = CitySearchScreen;
			sourceTree = "<group>";
		};
		1A9E50D4255BD22900B66F98 /* WeatherScreen */ = {
			isa = PBXGroup;
			children = (
				1A9E50DB255BD29C00B66F98 /* WeatherViewController.swift */,
				1A9E50E3255BD77300B66F98 /* WeatherView.swift */,
				1A9E50F0255BDBA400B66F98 /* WeatherDataSource.swift */,
			);
			path = WeatherScreen;
			sourceTree = "<group>";
		};
		1AD9B351255B5814002C6026 /* Utilities */ = {
			isa = PBXGroup;
			children = (
				1A93F624255B4C370062A56D /* K.swift */,
				1A8ADCE3255B776F0058BA17 /* NetworkError.swift */,
				1A9E50C4255BCE6D00B66F98 /* Coordinator.swift */,
				1A9E50E8255BD9EF00B66F98 /* UIHelper.swift */,
			);
			path = Utilities;
			sourceTree = "<group>";
		};
/* End PBXGroup section */

/* Begin PBXNativeTarget section */
		1A7EF02F255B487C002DFAF2 /* JSON-MVVM-IOS */ = {
			isa = PBXNativeTarget;
			buildConfigurationList = 1A7EF05A255B487F002DFAF2 /* Build configuration list for PBXNativeTarget "JSON-MVVM-IOS" */;
			buildPhases = (
				1A7EF02C255B487C002DFAF2 /* Sources */,
				1A7EF02D255B487C002DFAF2 /* Frameworks */,
				1A7EF02E255B487C002DFAF2 /* Resources */,
			);
			buildRules = (
			);
			dependencies = (
			);
			name = "JSON-MVVM-IOS";
			productName = "JSON-MVVM-IOS";
			productReference = 1A7EF030255B487C002DFAF2 /* JSON-MVVM-IOS.app */;
			productType = "com.apple.product-type.application";
		};
		1A7EF045255B487F002DFAF2 /* JSON-MVVM-IOSTests */ = {
			isa = PBXNativeTarget;
			buildConfigurationList = 1A7EF05D255B487F002DFAF2 /* Build configuration list for PBXNativeTarget "JSON-MVVM-IOSTests" */;
			buildPhases = (
				1A7EF042255B487F002DFAF2 /* Sources */,
				1A7EF043255B487F002DFAF2 /* Frameworks */,
				1A7EF044255B487F002DFAF2 /* Resources */,
			);
			buildRules = (
			);
			dependencies = (
				1A7EF048255B487F002DFAF2 /* PBXTargetDependency */,
			);
			name = "JSON-MVVM-IOSTests";
			productName = "JSON-MVVM-IOSTests";
			productReference = 1A7EF046255B487F002DFAF2 /* JSON-MVVM-IOSTests.xctest */;
			productType = "com.apple.product-type.bundle.unit-test";
		};
		1A7EF050255B487F002DFAF2 /* JSON-MVVM-IOSUITests */ = {
			isa = PBXNativeTarget;
			buildConfigurationList = 1A7EF060255B487F002DFAF2 /* Build configuration list for PBXNativeTarget "JSON-MVVM-IOSUITests" */;
			buildPhases = (
				1A7EF04D255B487F002DFAF2 /* Sources */,
				1A7EF04E255B487F002DFAF2 /* Frameworks */,
				1A7EF04F255B487F002DFAF2 /* Resources */,
			);
			buildRules = (
			);
			dependencies = (
				1A7EF053255B487F002DFAF2 /* PBXTargetDependency */,
			);
			name = "JSON-MVVM-IOSUITests";
			productName = "JSON-MVVM-IOSUITests";
			productReference = 1A7EF051255B487F002DFAF2 /* JSON-MVVM-IOSUITests.xctest */;
			productType = "com.apple.product-type.bundle.ui-testing";
		};
/* End PBXNativeTarget section */

/* Begin PBXProject section */
		1A7EF028255B487C002DFAF2 /* Project object */ = {
			isa = PBXProject;
			attributes = {
				LastSwiftUpdateCheck = 1210;
				LastUpgradeCheck = 1210;
				TargetAttributes = {
					1A7EF02F255B487C002DFAF2 = {
						CreatedOnToolsVersion = 12.1;
					};
					1A7EF045255B487F002DFAF2 = {
						CreatedOnToolsVersion = 12.1;
						TestTargetID = 1A7EF02F255B487C002DFAF2;
					};
					1A7EF050255B487F002DFAF2 = {
						CreatedOnToolsVersion = 12.1;
						TestTargetID = 1A7EF02F255B487C002DFAF2;
					};
				};
			};
			buildConfigurationList = 1A7EF02B255B487C002DFAF2 /* Build configuration list for PBXProject "JSON-MVVM-IOS" */;
			compatibilityVersion = "Xcode 9.3";
			developmentRegion = en;
			hasScannedForEncodings = 0;
			knownRegions = (
				en,
				Base,
			);
			mainGroup = 1A7EF027255B487C002DFAF2;
			productRefGroup = 1A7EF031255B487C002DFAF2 /* Products */;
			projectDirPath = "";
			projectRoot = "";
			targets = (
				1A7EF02F255B487C002DFAF2 /* JSON-MVVM-IOS */,
				1A7EF045255B487F002DFAF2 /* JSON-MVVM-IOSTests */,
				1A7EF050255B487F002DFAF2 /* JSON-MVVM-IOSUITests */,
			);
		};
/* End PBXProject section */

/* Begin PBXResourcesBuildPhase section */
		1A7EF02E255B487C002DFAF2 /* Resources */ = {
			isa = PBXResourcesBuildPhase;
			buildActionMask = 2147483647;
			files = (
				1A7EF040255B487F002DFAF2 /* LaunchScreen.storyboard in Resources */,
				1A7EF03D255B487F002DFAF2 /* Assets.xcassets in Resources */,
			);
			runOnlyForDeploymentPostprocessing = 0;
		};
		1A7EF044255B487F002DFAF2 /* Resources */ = {
			isa = PBXResourcesBuildPhase;
			buildActionMask = 2147483647;
			files = (
				1A792E2525762116003DE621 /* get-success-response.json in Resources */,
			);
			runOnlyForDeploymentPostprocessing = 0;
		};
		1A7EF04F255B487F002DFAF2 /* Resources */ = {
			isa = PBXResourcesBuildPhase;
			buildActionMask = 2147483647;
			files = (
			);
			runOnlyForDeploymentPostprocessing = 0;
		};
/* End PBXResourcesBuildPhase section */

/* Begin PBXSourcesBuildPhase section */
		1A7EF02C255B487C002DFAF2 /* Sources */ = {
			isa = PBXSourcesBuildPhase;
			buildActionMask = 2147483647;
			files = (
				1A8B1FE4255B534B0063895B /* UIView+Ext.swift in Sources */,
				1A9E50CA255BCEBB00B66F98 /* MainCoordinator.swift in Sources */,
				1A93F618255B4BA20062A56D /* WeatherNetworkManager.swift in Sources */,
				1A818E09255CB833007DF5A4 /* WeatherViewModel.swift in Sources */,
				1A818DF2255CB360007DF5A4 /* TemperatureCollectionViewCell.swift in Sources */,
				1A93F625255B4C370062A56D /* K.swift in Sources */,
				1A9E50DC255BD29C00B66F98 /* WeatherViewController.swift in Sources */,
				1A818DEA255CB23F007DF5A4 /* DescriptionCollectionViewCell.swift in Sources */,
				1A818E01255CB439007DF5A4 /* HeaderLabel.swift in Sources */,
				1A792E3225762B7F003DE621 /* MockWeatherNetworkManager.swift in Sources */,
				1A9E50E4255BD77300B66F98 /* WeatherView.swift in Sources */,
				1A7EF038255B487C002DFAF2 /* CitySearchController.swift in Sources */,
				1A7EF034255B487C002DFAF2 /* AppDelegate.swift in Sources */,
				1A9E50E9255BD9EF00B66F98 /* UIHelper.swift in Sources */,
				1A93F62B255B4D4C0062A56D /* WeatherModel.swift in Sources */,
				1A9E50C5255BCE6D00B66F98 /* Coordinator.swift in Sources */,
				1A792E1625761DFD003DE621 /* WeatherNetworkManagerProtocol.swift in Sources */,
				1A792E2E2576292A003DE621 /* WeatherNetworkManagerFactory.swift in Sources */,
				1A8ADD15255B9A440058BA17 /* WeatherCollectionViewCell.swift in Sources */,
				1A8ADCE4255B776F0058BA17 /* NetworkError.swift in Sources */,
				1A9E50F1255BDBA400B66F98 /* WeatherDataSource.swift in Sources */,
				1A8B1FDC255B4E9D0063895B /* CitySearchView.swift in Sources */,
				1A818DF7255CB3E7007DF5A4 /* HeaderValueCollectionViewCell.swift in Sources */,
				1A7EF036255B487C002DFAF2 /* SceneDelegate.swift in Sources */,
			);
			runOnlyForDeploymentPostprocessing = 0;
		};
		1A7EF042255B487F002DFAF2 /* Sources */ = {
			isa = PBXSourcesBuildPhase;
			buildActionMask = 2147483647;
			files = (
				1A3666302578208700109D32 /* WeatherNetworkManagerTest.swift in Sources */,
				1A792E0B25760F9B003DE621 /* WeatherViewModelTests.swift in Sources */,
				1A792E1C2576202C003DE621 /* MockWeatherNetworkManager.swift in Sources */,
			);
			runOnlyForDeploymentPostprocessing = 0;
		};
		1A7EF04D255B487F002DFAF2 /* Sources */ = {
			isa = PBXSourcesBuildPhase;
			buildActionMask = 2147483647;
			files = (
				1A7EF056255B487F002DFAF2 /* JSON_MVVM_IOSUITests.swift in Sources */,
			);
			runOnlyForDeploymentPostprocessing = 0;
		};
/* End PBXSourcesBuildPhase section */

/* Begin PBXTargetDependency section */
		1A7EF048255B487F002DFAF2 /* PBXTargetDependency */ = {
			isa = PBXTargetDependency;
			target = 1A7EF02F255B487C002DFAF2 /* JSON-MVVM-IOS */;
			targetProxy = 1A7EF047255B487F002DFAF2 /* PBXContainerItemProxy */;
		};
		1A7EF053255B487F002DFAF2 /* PBXTargetDependency */ = {
			isa = PBXTargetDependency;
			target = 1A7EF02F255B487C002DFAF2 /* JSON-MVVM-IOS */;
			targetProxy = 1A7EF052255B487F002DFAF2 /* PBXContainerItemProxy */;
		};
/* End PBXTargetDependency section */

/* Begin PBXVariantGroup section */
		1A7EF03E255B487F002DFAF2 /* LaunchScreen.storyboard */ = {
			isa = PBXVariantGroup;
			children = (
				1A7EF03F255B487F002DFAF2 /* Base */,
			);
			name = LaunchScreen.storyboard;
			sourceTree = "<group>";
		};
/* End PBXVariantGroup section */

/* Begin XCBuildConfiguration section */
		1A7EF058255B487F002DFAF2 /* Debug */ = {
			isa = XCBuildConfiguration;
			buildSettings = {
				ALWAYS_SEARCH_USER_PATHS = NO;
				CLANG_ANALYZER_NONNULL = YES;
				CLANG_ANALYZER_NUMBER_OBJECT_CONVERSION = YES_AGGRESSIVE;
				CLANG_CXX_LANGUAGE_STANDARD = "gnu++14";
				CLANG_CXX_LIBRARY = "libc++";
				CLANG_ENABLE_MODULES = YES;
				CLANG_ENABLE_OBJC_ARC = YES;
				CLANG_ENABLE_OBJC_WEAK = YES;
				CLANG_WARN_BLOCK_CAPTURE_AUTORELEASING = YES;
				CLANG_WARN_BOOL_CONVERSION = YES;
				CLANG_WARN_COMMA = YES;
				CLANG_WARN_CONSTANT_CONVERSION = YES;
				CLANG_WARN_DEPRECATED_OBJC_IMPLEMENTATIONS = YES;
				CLANG_WARN_DIRECT_OBJC_ISA_USAGE = YES_ERROR;
				CLANG_WARN_DOCUMENTATION_COMMENTS = YES;
				CLANG_WARN_EMPTY_BODY = YES;
				CLANG_WARN_ENUM_CONVERSION = YES;
				CLANG_WARN_INFINITE_RECURSION = YES;
				CLANG_WARN_INT_CONVERSION = YES;
				CLANG_WARN_NON_LITERAL_NULL_CONVERSION = YES;
				CLANG_WARN_OBJC_IMPLICIT_RETAIN_SELF = YES;
				CLANG_WARN_OBJC_LITERAL_CONVERSION = YES;
				CLANG_WARN_OBJC_ROOT_CLASS = YES_ERROR;
				CLANG_WARN_QUOTED_INCLUDE_IN_FRAMEWORK_HEADER = YES;
				CLANG_WARN_RANGE_LOOP_ANALYSIS = YES;
				CLANG_WARN_STRICT_PROTOTYPES = YES;
				CLANG_WARN_SUSPICIOUS_MOVE = YES;
				CLANG_WARN_UNGUARDED_AVAILABILITY = YES_AGGRESSIVE;
				CLANG_WARN_UNREACHABLE_CODE = YES;
				CLANG_WARN__DUPLICATE_METHOD_MATCH = YES;
				COPY_PHASE_STRIP = NO;
				DEBUG_INFORMATION_FORMAT = dwarf;
				ENABLE_STRICT_OBJC_MSGSEND = YES;
				ENABLE_TESTABILITY = YES;
				GCC_C_LANGUAGE_STANDARD = gnu11;
				GCC_DYNAMIC_NO_PIC = NO;
				GCC_NO_COMMON_BLOCKS = YES;
				GCC_OPTIMIZATION_LEVEL = 0;
				GCC_PREPROCESSOR_DEFINITIONS = (
					"DEBUG=1",
					"$(inherited)",
				);
				GCC_WARN_64_TO_32_BIT_CONVERSION = YES;
				GCC_WARN_ABOUT_RETURN_TYPE = YES_ERROR;
				GCC_WARN_UNDECLARED_SELECTOR = YES;
				GCC_WARN_UNINITIALIZED_AUTOS = YES_AGGRESSIVE;
				GCC_WARN_UNUSED_FUNCTION = YES;
				GCC_WARN_UNUSED_VARIABLE = YES;
				IPHONEOS_DEPLOYMENT_TARGET = 14.1;
				MTL_ENABLE_DEBUG_INFO = INCLUDE_SOURCE;
				MTL_FAST_MATH = YES;
				ONLY_ACTIVE_ARCH = YES;
				SDKROOT = iphoneos;
				SWIFT_ACTIVE_COMPILATION_CONDITIONS = DEBUG;
				SWIFT_OPTIMIZATION_LEVEL = "-Onone";
			};
			name = Debug;
		};
		1A7EF059255B487F002DFAF2 /* Release */ = {
			isa = XCBuildConfiguration;
			buildSettings = {
				ALWAYS_SEARCH_USER_PATHS = NO;
				CLANG_ANALYZER_NONNULL = YES;
				CLANG_ANALYZER_NUMBER_OBJECT_CONVERSION = YES_AGGRESSIVE;
				CLANG_CXX_LANGUAGE_STANDARD = "gnu++14";
				CLANG_CXX_LIBRARY = "libc++";
				CLANG_ENABLE_MODULES = YES;
				CLANG_ENABLE_OBJC_ARC = YES;
				CLANG_ENABLE_OBJC_WEAK = YES;
				CLANG_WARN_BLOCK_CAPTURE_AUTORELEASING = YES;
				CLANG_WARN_BOOL_CONVERSION = YES;
				CLANG_WARN_COMMA = YES;
				CLANG_WARN_CONSTANT_CONVERSION = YES;
				CLANG_WARN_DEPRECATED_OBJC_IMPLEMENTATIONS = YES;
				CLANG_WARN_DIRECT_OBJC_ISA_USAGE = YES_ERROR;
				CLANG_WARN_DOCUMENTATION_COMMENTS = YES;
				CLANG_WARN_EMPTY_BODY = YES;
				CLANG_WARN_ENUM_CONVERSION = YES;
				CLANG_WARN_INFINITE_RECURSION = YES;
				CLANG_WARN_INT_CONVERSION = YES;
				CLANG_WARN_NON_LITERAL_NULL_CONVERSION = YES;
				CLANG_WARN_OBJC_IMPLICIT_RETAIN_SELF = YES;
				CLANG_WARN_OBJC_LITERAL_CONVERSION = YES;
				CLANG_WARN_OBJC_ROOT_CLASS = YES_ERROR;
				CLANG_WARN_QUOTED_INCLUDE_IN_FRAMEWORK_HEADER = YES;
				CLANG_WARN_RANGE_LOOP_ANALYSIS = YES;
				CLANG_WARN_STRICT_PROTOTYPES = YES;
				CLANG_WARN_SUSPICIOUS_MOVE = YES;
				CLANG_WARN_UNGUARDED_AVAILABILITY = YES_AGGRESSIVE;
				CLANG_WARN_UNREACHABLE_CODE = YES;
				CLANG_WARN__DUPLICATE_METHOD_MATCH = YES;
				COPY_PHASE_STRIP = NO;
				DEBUG_INFORMATION_FORMAT = "dwarf-with-dsym";
				ENABLE_NS_ASSERTIONS = NO;
				ENABLE_STRICT_OBJC_MSGSEND = YES;
				GCC_C_LANGUAGE_STANDARD = gnu11;
				GCC_NO_COMMON_BLOCKS = YES;
				GCC_WARN_64_TO_32_BIT_CONVERSION = YES;
				GCC_WARN_ABOUT_RETURN_TYPE = YES_ERROR;
				GCC_WARN_UNDECLARED_SELECTOR = YES;
				GCC_WARN_UNINITIALIZED_AUTOS = YES_AGGRESSIVE;
				GCC_WARN_UNUSED_FUNCTION = YES;
				GCC_WARN_UNUSED_VARIABLE = YES;
				IPHONEOS_DEPLOYMENT_TARGET = 14.1;
				MTL_ENABLE_DEBUG_INFO = NO;
				MTL_FAST_MATH = YES;
				SDKROOT = iphoneos;
				SWIFT_COMPILATION_MODE = wholemodule;
				SWIFT_OPTIMIZATION_LEVEL = "-O";
				VALIDATE_PRODUCT = YES;
			};
			name = Release;
		};
		1A7EF05B255B487F002DFAF2 /* Debug */ = {
			isa = XCBuildConfiguration;
			buildSettings = {
				ASSETCATALOG_COMPILER_APPICON_NAME = AppIcon;
				ASSETCATALOG_COMPILER_GLOBAL_ACCENT_COLOR_NAME = AccentColor;
				CODE_SIGN_STYLE = Automatic;
				DEVELOPMENT_TEAM = 7UNA56CJHC;
				INFOPLIST_FILE = "JSON-MVVM-IOS/Info.plist";
				LD_RUNPATH_SEARCH_PATHS = (
					"$(inherited)",
					"@executable_path/Frameworks",
				);
				PRODUCT_BUNDLE_IDENTIFIER = "James-Jasenia.JSON-MVVM-IOS";
				PRODUCT_NAME = "$(TARGET_NAME)";
				SWIFT_VERSION = 5.0;
				TARGETED_DEVICE_FAMILY = "1,2";
			};
			name = Debug;
		};
		1A7EF05C255B487F002DFAF2 /* Release */ = {
			isa = XCBuildConfiguration;
			buildSettings = {
				ASSETCATALOG_COMPILER_APPICON_NAME = AppIcon;
				ASSETCATALOG_COMPILER_GLOBAL_ACCENT_COLOR_NAME = AccentColor;
				CODE_SIGN_STYLE = Automatic;
				DEVELOPMENT_TEAM = 7UNA56CJHC;
				INFOPLIST_FILE = "JSON-MVVM-IOS/Info.plist";
				LD_RUNPATH_SEARCH_PATHS = (
					"$(inherited)",
					"@executable_path/Frameworks",
				);
				PRODUCT_BUNDLE_IDENTIFIER = "James-Jasenia.JSON-MVVM-IOS";
				PRODUCT_NAME = "$(TARGET_NAME)";
				SWIFT_VERSION = 5.0;
				TARGETED_DEVICE_FAMILY = "1,2";
			};
			name = Release;
		};
		1A7EF05E255B487F002DFAF2 /* Debug */ = {
			isa = XCBuildConfiguration;
			buildSettings = {
				ALWAYS_EMBED_SWIFT_STANDARD_LIBRARIES = YES;
				BUNDLE_LOADER = "$(TEST_HOST)";
				CODE_SIGN_STYLE = Automatic;
				INFOPLIST_FILE = "JSON-MVVM-IOSTests/Info.plist";
				IPHONEOS_DEPLOYMENT_TARGET = 14.1;
				LD_RUNPATH_SEARCH_PATHS = (
					"$(inherited)",
					"@executable_path/Frameworks",
					"@loader_path/Frameworks",
				);
				PRODUCT_BUNDLE_IDENTIFIER = "James-Jasenia.JSON-MVVM-IOSTests";
				PRODUCT_NAME = "$(TARGET_NAME)";
				SWIFT_VERSION = 5.0;
				TARGETED_DEVICE_FAMILY = "1,2";
				TEST_HOST = "$(BUILT_PRODUCTS_DIR)/JSON-MVVM-IOS.app/JSON-MVVM-IOS";
			};
			name = Debug;
		};
		1A7EF05F255B487F002DFAF2 /* Release */ = {
			isa = XCBuildConfiguration;
			buildSettings = {
				ALWAYS_EMBED_SWIFT_STANDARD_LIBRARIES = YES;
				BUNDLE_LOADER = "$(TEST_HOST)";
				CODE_SIGN_STYLE = Automatic;
				INFOPLIST_FILE = "JSON-MVVM-IOSTests/Info.plist";
				IPHONEOS_DEPLOYMENT_TARGET = 14.1;
				LD_RUNPATH_SEARCH_PATHS = (
					"$(inherited)",
					"@executable_path/Frameworks",
					"@loader_path/Frameworks",
				);
				PRODUCT_BUNDLE_IDENTIFIER = "James-Jasenia.JSON-MVVM-IOSTests";
				PRODUCT_NAME = "$(TARGET_NAME)";
				SWIFT_VERSION = 5.0;
				TARGETED_DEVICE_FAMILY = "1,2";
				TEST_HOST = "$(BUILT_PRODUCTS_DIR)/JSON-MVVM-IOS.app/JSON-MVVM-IOS";
			};
			name = Release;
		};
		1A7EF061255B487F002DFAF2 /* Debug */ = {
			isa = XCBuildConfiguration;
			buildSettings = {
				ALWAYS_EMBED_SWIFT_STANDARD_LIBRARIES = YES;
				CODE_SIGN_STYLE = Automatic;
				INFOPLIST_FILE = "JSON-MVVM-IOSUITests/Info.plist";
				LD_RUNPATH_SEARCH_PATHS = (
					"$(inherited)",
					"@executable_path/Frameworks",
					"@loader_path/Frameworks",
				);
				PRODUCT_BUNDLE_IDENTIFIER = "James-Jasenia.JSON-MVVM-IOSUITests";
				PRODUCT_NAME = "$(TARGET_NAME)";
				SWIFT_VERSION = 5.0;
				TARGETED_DEVICE_FAMILY = "1,2";
				TEST_TARGET_NAME = "JSON-MVVM-IOS";
			};
			name = Debug;
		};
		1A7EF062255B487F002DFAF2 /* Release */ = {
			isa = XCBuildConfiguration;
			buildSettings = {
				ALWAYS_EMBED_SWIFT_STANDARD_LIBRARIES = YES;
				CODE_SIGN_STYLE = Automatic;
				INFOPLIST_FILE = "JSON-MVVM-IOSUITests/Info.plist";
				LD_RUNPATH_SEARCH_PATHS = (
					"$(inherited)",
					"@executable_path/Frameworks",
					"@loader_path/Frameworks",
				);
				PRODUCT_BUNDLE_IDENTIFIER = "James-Jasenia.JSON-MVVM-IOSUITests";
				PRODUCT_NAME = "$(TARGET_NAME)";
				SWIFT_VERSION = 5.0;
				TARGETED_DEVICE_FAMILY = "1,2";
				TEST_TARGET_NAME = "JSON-MVVM-IOS";
			};
			name = Release;
		};
/* End XCBuildConfiguration section */

/* Begin XCConfigurationList section */
		1A7EF02B255B487C002DFAF2 /* Build configuration list for PBXProject "JSON-MVVM-IOS" */ = {
			isa = XCConfigurationList;
			buildConfigurations = (
				1A7EF058255B487F002DFAF2 /* Debug */,
				1A7EF059255B487F002DFAF2 /* Release */,
			);
			defaultConfigurationIsVisible = 0;
			defaultConfigurationName = Release;
		};
		1A7EF05A255B487F002DFAF2 /* Build configuration list for PBXNativeTarget "JSON-MVVM-IOS" */ = {
			isa = XCConfigurationList;
			buildConfigurations = (
				1A7EF05B255B487F002DFAF2 /* Debug */,
				1A7EF05C255B487F002DFAF2 /* Release */,
			);
			defaultConfigurationIsVisible = 0;
			defaultConfigurationName = Release;
		};
		1A7EF05D255B487F002DFAF2 /* Build configuration list for PBXNativeTarget "JSON-MVVM-IOSTests" */ = {
			isa = XCConfigurationList;
			buildConfigurations = (
				1A7EF05E255B487F002DFAF2 /* Debug */,
				1A7EF05F255B487F002DFAF2 /* Release */,
			);
			defaultConfigurationIsVisible = 0;
			defaultConfigurationName = Release;
		};
		1A7EF060255B487F002DFAF2 /* Build configuration list for PBXNativeTarget "JSON-MVVM-IOSUITests" */ = {
			isa = XCConfigurationList;
			buildConfigurations = (
				1A7EF061255B487F002DFAF2 /* Debug */,
				1A7EF062255B487F002DFAF2 /* Release */,
			);
			defaultConfigurationIsVisible = 0;
			defaultConfigurationName = Release;
		};
/* End XCConfigurationList section */
	};
	rootObject = 1A7EF028255B487C002DFAF2 /* Project object */;
}
